// !$*UTF8*$!
{
	archiveVersion = 1;
	classes = {
	};
	objectVersion = 56;
	objects = {

/* Begin PBXBuildFile section */
		AF4DBFB62A38B4390036FE34 /* AppDelegate.swift in Sources */ = {isa = PBXBuildFile; fileRef = AF4DBFB52A38B4390036FE34 /* AppDelegate.swift */; };
		AF4DBFB82A38B4390036FE34 /* SceneDelegate.swift in Sources */ = {isa = PBXBuildFile; fileRef = AF4DBFB72A38B4390036FE34 /* SceneDelegate.swift */; };
		AF4DBFBA2A38B4390036FE34 /* ViewController.swift in Sources */ = {isa = PBXBuildFile; fileRef = AF4DBFB92A38B4390036FE34 /* ViewController.swift */; };
		AF4DBFBD2A38B4390036FE34 /* Main.storyboard in Resources */ = {isa = PBXBuildFile; fileRef = AF4DBFBB2A38B4390036FE34 /* Main.storyboard */; };
		AF4DBFBF2A38B43A0036FE34 /* Assets.xcassets in Resources */ = {isa = PBXBuildFile; fileRef = AF4DBFBE2A38B43A0036FE34 /* Assets.xcassets */; };
		AF4DBFC22A38B43A0036FE34 /* LaunchScreen.storyboard in Resources */ = {isa = PBXBuildFile; fileRef = AF4DBFC02A38B43A0036FE34 /* LaunchScreen.storyboard */; };
		AF4DBFCD2A38B43A0036FE34 /* DiceAppTests.swift in Sources */ = {isa = PBXBuildFile; fileRef = AF4DBFCC2A38B43A0036FE34 /* DiceAppTests.swift */; };
		AF4DBFD72A38B43A0036FE34 /* DiceAppUITests.swift in Sources */ = {isa = PBXBuildFile; fileRef = AF4DBFD62A38B43A0036FE34 /* DiceAppUITests.swift */; };
		AF4DBFD92A38B43A0036FE34 /* DiceAppUITestsLaunchTests.swift in Sources */ = {isa = PBXBuildFile; fileRef = AF4DBFD82A38B43A0036FE34 /* DiceAppUITestsLaunchTests.swift */; };
/* End PBXBuildFile section */

/* Begin PBXContainerItemProxy section */
		AF4DBFC92A38B43A0036FE34 /* PBXContainerItemProxy */ = {
			isa = PBXContainerItemProxy;
			containerPortal = AF4DBFAA2A38B4390036FE34 /* Project object */;
			proxyType = 1;
			remoteGlobalIDString = AF4DBFB12A38B4390036FE34;
			remoteInfo = DiceApp;
		};
		AF4DBFD32A38B43A0036FE34 /* PBXContainerItemProxy */ = {
			isa = PBXContainerItemProxy;
			containerPortal = AF4DBFAA2A38B4390036FE34 /* Project object */;
			proxyType = 1;
			remoteGlobalIDString = AF4DBFB12A38B4390036FE34;
			remoteInfo = DiceApp;
		};
/* End PBXContainerItemProxy section */

/* Begin PBXFileReference section */
		AF4DBFB22A38B4390036FE34 /* DiceApp.app */ = {isa = PBXFileReference; explicitFileType = wrapper.application; includeInIndex = 0; path = DiceApp.app; sourceTree = BUILT_PRODUCTS_DIR; };
		AF4DBFB52A38B4390036FE34 /* AppDelegate.swift */ = {isa = PBXFileReference; lastKnownFileType = sourcecode.swift; path = AppDelegate.swift; sourceTree = "<group>"; };
		AF4DBFB72A38B4390036FE34 /* SceneDelegate.swift */ = {isa = PBXFileReference; lastKnownFileType = sourcecode.swift; path = SceneDelegate.swift; sourceTree = "<group>"; };
		AF4DBFB92A38B4390036FE34 /* ViewController.swift */ = {isa = PBXFileReference; lastKnownFileType = sourcecode.swift; path = ViewController.swift; sourceTree = "<group>"; };
		AF4DBFBC2A38B4390036FE34 /* Base */ = {isa = PBXFileReference; lastKnownFileType = file.storyboard; name = Base; path = Base.lproj/Main.storyboard; sourceTree = "<group>"; };
		AF4DBFBE2A38B43A0036FE34 /* Assets.xcassets */ = {isa = PBXFileReference; lastKnownFileType = folder.assetcatalog; path = Assets.xcassets; sourceTree = "<group>"; };
		AF4DBFC12A38B43A0036FE34 /* Base */ = {isa = PBXFileReference; lastKnownFileType = file.storyboard; name = Base; path = Base.lproj/LaunchScreen.storyboard; sourceTree = "<group>"; };
		AF4DBFC32A38B43A0036FE34 /* Info.plist */ = {isa = PBXFileReference; lastKnownFileType = text.plist.xml; path = Info.plist; sourceTree = "<group>"; };
		AF4DBFC82A38B43A0036FE34 /* DiceAppTests.xctest */ = {isa = PBXFileReference; explicitFileType = wrapper.cfbundle; includeInIndex = 0; path = DiceAppTests.xctest; sourceTree = BUILT_PRODUCTS_DIR; };
		AF4DBFCC2A38B43A0036FE34 /* DiceAppTests.swift */ = {isa = PBXFileReference; lastKnownFileType = sourcecode.swift; path = DiceAppTests.swift; sourceTree = "<group>"; };
		AF4DBFD22A38B43A0036FE34 /* DiceAppUITests.xctest */ = {isa = PBXFileReference; explicitFileType = wrapper.cfbundle; includeInIndex = 0; path = DiceAppUITests.xctest; sourceTree = BUILT_PRODUCTS_DIR; };
		AF4DBFD62A38B43A0036FE34 /* DiceAppUITests.swift */ = {isa = PBXFileReference; lastKnownFileType = sourcecode.swift; path = DiceAppUITests.swift; sourceTree = "<group>"; };
		AF4DBFD82A38B43A0036FE34 /* DiceAppUITestsLaunchTests.swift */ = {isa = PBXFileReference; lastKnownFileType = sourcecode.swift; path = DiceAppUITestsLaunchTests.swift; sourceTree = "<group>"; };
/* End PBXFileReference section */

/* Begin PBXFrameworksBuildPhase section */
		AF4DBFAF2A38B4390036FE34 /* Frameworks */ = {
			isa = PBXFrameworksBuildPhase;
			buildActionMask = 2147483647;
			files = (
			);
			runOnlyForDeploymentPostprocessing = 0;
		};
		AF4DBFC52A38B43A0036FE34 /* Frameworks */ = {
			isa = PBXFrameworksBuildPhase;
			buildActionMask = 2147483647;
			files = (
			);
			runOnlyForDeploymentPostprocessing = 0;
		};
		AF4DBFCF2A38B43A0036FE34 /* Frameworks */ = {
			isa = PBXFrameworksBuildPhase;
			buildActionMask = 2147483647;
			files = (
			);
			runOnlyForDeploymentPostprocessing = 0;
		};
/* End PBXFrameworksBuildPhase section */

/* Begin PBXGroup section */
		AF4DBFA92A38B4390036FE34 = {
			isa = PBXGroup;
			children = (
				AF4DBFB42A38B4390036FE34 /* DiceApp */,
				AF4DBFCB2A38B43A0036FE34 /* DiceAppTests */,
				AF4DBFD52A38B43A0036FE34 /* DiceAppUITests */,
				AF4DBFB32A38B4390036FE34 /* Products */,
			);
			sourceTree = "<group>";
		};
		AF4DBFB32A38B4390036FE34 /* Products */ = {
			isa = PBXGroup;
			children = (
				AF4DBFB22A38B4390036FE34 /* DiceApp.app */,
				AF4DBFC82A38B43A0036FE34 /* DiceAppTests.xctest */,
				AF4DBFD22A38B43A0036FE34 /* DiceAppUITests.xctest */,
			);
			name = Products;
			sourceTree = "<group>";
		};
		AF4DBFB42A38B4390036FE34 /* DiceApp */ = {
			isa = PBXGroup;
			children = (
				AF4DBFB52A38B4390036FE34 /* AppDelegate.swift */,
				AF4DBFB72A38B4390036FE34 /* SceneDelegate.swift */,
				AF4DBFB92A38B4390036FE34 /* ViewController.swift */,
				AF4DBFBB2A38B4390036FE34 /* Main.storyboard */,
				AF4DBFBE2A38B43A0036FE34 /* Assets.xcassets */,
				AF4DBFC02A38B43A0036FE34 /* LaunchScreen.storyboard */,
				AF4DBFC32A38B43A0036FE34 /* Info.plist */,
			);
			path = DiceApp;
			sourceTree = "<group>";
		};
		AF4DBFCB2A38B43A0036FE34 /* DiceAppTests */ = {
			isa = PBXGroup;
			children = (
				AF4DBFCC2A38B43A0036FE34 /* DiceAppTests.swift */,
			);
			path = DiceAppTests;
			sourceTree = "<group>";
		};
		AF4DBFD52A38B43A0036FE34 /* DiceAppUITests */ = {
			isa = PBXGroup;
			children = (
				AF4DBFD62A38B43A0036FE34 /* DiceAppUITests.swift */,
				AF4DBFD82A38B43A0036FE34 /* DiceAppUITestsLaunchTests.swift */,
			);
			path = DiceAppUITests;
			sourceTree = "<group>";
		};
/* End PBXGroup section */

/* Begin PBXNativeTarget section */
		AF4DBFB12A38B4390036FE34 /* DiceApp */ = {
			isa = PBXNativeTarget;
			buildConfigurationList = AF4DBFDC2A38B43A0036FE34 /* Build configuration list for PBXNativeTarget "DiceApp" */;
			buildPhases = (
				AF4DBFAE2A38B4390036FE34 /* Sources */,
				AF4DBFAF2A38B4390036FE34 /* Frameworks */,
				AF4DBFB02A38B4390036FE34 /* Resources */,
			);
			buildRules = (
			);
			dependencies = (
			);
			name = DiceApp;
			productName = DiceApp;
			productReference = AF4DBFB22A38B4390036FE34 /* DiceApp.app */;
			productType = "com.apple.product-type.application";
		};
		AF4DBFC72A38B43A0036FE34 /* DiceAppTests */ = {
			isa = PBXNativeTarget;
			buildConfigurationList = AF4DBFDF2A38B43A0036FE34 /* Build configuration list for PBXNativeTarget "DiceAppTests" */;
			buildPhases = (
				AF4DBFC42A38B43A0036FE34 /* Sources */,
				AF4DBFC52A38B43A0036FE34 /* Frameworks */,
				AF4DBFC62A38B43A0036FE34 /* Resources */,
			);
			buildRules = (
			);
			dependencies = (
				AF4DBFCA2A38B43A0036FE34 /* PBXTargetDependency */,
			);
			name = DiceAppTests;
			productName = DiceAppTests;
			productReference = AF4DBFC82A38B43A0036FE34 /* DiceAppTests.xctest */;
			productType = "com.apple.product-type.bundle.unit-test";
		};
		AF4DBFD12A38B43A0036FE34 /* DiceAppUITests */ = {
			isa = PBXNativeTarget;
			buildConfigurationList = AF4DBFE22A38B43A0036FE34 /* Build configuration list for PBXNativeTarget "DiceAppUITests" */;
			buildPhases = (
				AF4DBFCE2A38B43A0036FE34 /* Sources */,
				AF4DBFCF2A38B43A0036FE34 /* Frameworks */,
				AF4DBFD02A38B43A0036FE34 /* Resources */,
			);
			buildRules = (
			);
			dependencies = (
				AF4DBFD42A38B43A0036FE34 /* PBXTargetDependency */,
			);
			name = DiceAppUITests;
			productName = DiceAppUITests;
			productReference = AF4DBFD22A38B43A0036FE34 /* DiceAppUITests.xctest */;
			productType = "com.apple.product-type.bundle.ui-testing";
		};
/* End PBXNativeTarget section */

/* Begin PBXProject section */
		AF4DBFAA2A38B4390036FE34 /* Project object */ = {
			isa = PBXProject;
			attributes = {
				BuildIndependentTargetsInParallel = 1;
				LastSwiftUpdateCheck = 1500;
				LastUpgradeCheck = 1500;
				TargetAttributes = {
					AF4DBFB12A38B4390036FE34 = {
						CreatedOnToolsVersion = 15.0;
					};
					AF4DBFC72A38B43A0036FE34 = {
						CreatedOnToolsVersion = 15.0;
						TestTargetID = AF4DBFB12A38B4390036FE34;
					};
					AF4DBFD12A38B43A0036FE34 = {
						CreatedOnToolsVersion = 15.0;
						TestTargetID = AF4DBFB12A38B4390036FE34;
					};
				};
			};
			buildConfigurationList = AF4DBFAD2A38B4390036FE34 /* Build configuration list for PBXProject "DiceApp" */;
			compatibilityVersion = "Xcode 14.0";
			developmentRegion = en;
			hasScannedForEncodings = 0;
			knownRegions = (
				en,
				Base,
			);
			mainGroup = AF4DBFA92A38B4390036FE34;
			productRefGroup = AF4DBFB32A38B4390036FE34 /* Products */;
			projectDirPath = "";
			projectRoot = "";
			targets = (
				AF4DBFB12A38B4390036FE34 /* DiceApp */,
				AF4DBFC72A38B43A0036FE34 /* DiceAppTests */,
				AF4DBFD12A38B43A0036FE34 /* DiceAppUITests */,
			);
		};
/* End PBXProject section */

/* Begin PBXResourcesBuildPhase section */
		AF4DBFB02A38B4390036FE34 /* Resources */ = {
			isa = PBXResourcesBuildPhase;
			buildActionMask = 2147483647;
			files = (
				AF4DBFC22A38B43A0036FE34 /* LaunchScreen.storyboard in Resources */,
				AF4DBFBF2A38B43A0036FE34 /* Assets.xcassets in Resources */,
				AF4DBFBD2A38B4390036FE34 /* Main.storyboard in Resources */,
			);
			runOnlyForDeploymentPostprocessing = 0;
		};
		AF4DBFC62A38B43A0036FE34 /* Resources */ = {
			isa = PBXResourcesBuildPhase;
			buildActionMask = 2147483647;
			files = (
			);
			runOnlyForDeploymentPostprocessing = 0;
		};
		AF4DBFD02A38B43A0036FE34 /* Resources */ = {
			isa = PBXResourcesBuildPhase;
			buildActionMask = 2147483647;
			files = (
			);
			runOnlyForDeploymentPostprocessing = 0;
		};
/* End PBXResourcesBuildPhase section */

/* Begin PBXSourcesBuildPhase section */
		AF4DBFAE2A38B4390036FE34 /* Sources */ = {
			isa = PBXSourcesBuildPhase;
			buildActionMask = 2147483647;
			files = (
				AF4DBFBA2A38B4390036FE34 /* ViewController.swift in Sources */,
				AF4DBFB62A38B4390036FE34 /* AppDelegate.swift in Sources */,
				AF4DBFB82A38B4390036FE34 /* SceneDelegate.swift in Sources */,
			);
			runOnlyForDeploymentPostprocessing = 0;
		};
		AF4DBFC42A38B43A0036FE34 /* Sources */ = {
			isa = PBXSourcesBuildPhase;
			buildActionMask = 2147483647;
			files = (
				AF4DBFCD2A38B43A0036FE34 /* DiceAppTests.swift in Sources */,
			);
			runOnlyForDeploymentPostprocessing = 0;
		};
		AF4DBFCE2A38B43A0036FE34 /* Sources */ = {
			isa = PBXSourcesBuildPhase;
			buildActionMask = 2147483647;
			files = (
				AF4DBFD72A38B43A0036FE34 /* DiceAppUITests.swift in Sources */,
				AF4DBFD92A38B43A0036FE34 /* DiceAppUITestsLaunchTests.swift in Sources */,
			);
			runOnlyForDeploymentPostprocessing = 0;
		};
/* End PBXSourcesBuildPhase section */

/* Begin PBXTargetDependency section */
		AF4DBFCA2A38B43A0036FE34 /* PBXTargetDependency */ = {
			isa = PBXTargetDependency;
			target = AF4DBFB12A38B4390036FE34 /* DiceApp */;
			targetProxy = AF4DBFC92A38B43A0036FE34 /* PBXContainerItemProxy */;
		};
		AF4DBFD42A38B43A0036FE34 /* PBXTargetDependency */ = {
			isa = PBXTargetDependency;
			target = AF4DBFB12A38B4390036FE34 /* DiceApp */;
			targetProxy = AF4DBFD32A38B43A0036FE34 /* PBXContainerItemProxy */;
		};
/* End PBXTargetDependency section */

/* Begin PBXVariantGroup section */
		AF4DBFBB2A38B4390036FE34 /* Main.storyboard */ = {
			isa = PBXVariantGroup;
			children = (
				AF4DBFBC2A38B4390036FE34 /* Base */,
			);
			name = Main.storyboard;
			sourceTree = "<group>";
		};
		AF4DBFC02A38B43A0036FE34 /* LaunchScreen.storyboard */ = {
			isa = PBXVariantGroup;
			children = (
				AF4DBFC12A38B43A0036FE34 /* Base */,
			);
			name = LaunchScreen.storyboard;
			sourceTree = "<group>";
		};
/* End PBXVariantGroup section */

/* Begin XCBuildConfiguration section */
		AF4DBFDA2A38B43A0036FE34 /* Debug */ = {
			isa = XCBuildConfiguration;
			buildSettings = {
				ALWAYS_SEARCH_USER_PATHS = NO;
				ASSETCATALOG_COMPILER_GENERATE_SWIFT_ASSET_SYMBOL_EXTENSIONS = YES;
				CLANG_ANALYZER_NONNULL = YES;
				CLANG_ANALYZER_NUMBER_OBJECT_CONVERSION = YES_AGGRESSIVE;
				CLANG_CXX_LANGUAGE_STANDARD = "gnu++20";
				CLANG_ENABLE_MODULES = YES;
				CLANG_ENABLE_OBJC_ARC = YES;
				CLANG_ENABLE_OBJC_WEAK = YES;
				CLANG_WARN_BLOCK_CAPTURE_AUTORELEASING = YES;
				CLANG_WARN_BOOL_CONVERSION = YES;
				CLANG_WARN_COMMA = YES;
				CLANG_WARN_CONSTANT_CONVERSION = YES;
				CLANG_WARN_DEPRECATED_OBJC_IMPLEMENTATIONS = YES;
				CLANG_WARN_DIRECT_OBJC_ISA_USAGE = YES_ERROR;
				CLANG_WARN_DOCUMENTATION_COMMENTS = YES;
				CLANG_WARN_EMPTY_BODY = YES;
				CLANG_WARN_ENUM_CONVERSION = YES;
				CLANG_WARN_INFINITE_RECURSION = YES;
				CLANG_WARN_INT_CONVERSION = YES;
				CLANG_WARN_NON_LITERAL_NULL_CONVERSION = YES;
				CLANG_WARN_OBJC_IMPLICIT_RETAIN_SELF = YES;
				CLANG_WARN_OBJC_LITERAL_CONVERSION = YES;
				CLANG_WARN_OBJC_ROOT_CLASS = YES_ERROR;
				CLANG_WARN_QUOTED_INCLUDE_IN_FRAMEWORK_HEADER = YES;
				CLANG_WARN_RANGE_LOOP_ANALYSIS = YES;
				CLANG_WARN_STRICT_PROTOTYPES = YES;
				CLANG_WARN_SUSPICIOUS_MOVE = YES;
				CLANG_WARN_UNGUARDED_AVAILABILITY = YES_AGGRESSIVE;
				CLANG_WARN_UNREACHABLE_CODE = YES;
				CLANG_WARN__DUPLICATE_METHOD_MATCH = YES;
				COPY_PHASE_STRIP = NO;
				DEBUG_INFORMATION_FORMAT = dwarf;
				ENABLE_STRICT_OBJC_MSGSEND = YES;
				ENABLE_TESTABILITY = YES;
				ENABLE_USER_SCRIPT_SANDBOXING = YES;
				GCC_C_LANGUAGE_STANDARD = gnu17;
				GCC_DYNAMIC_NO_PIC = NO;
				GCC_NO_COMMON_BLOCKS = YES;
				GCC_OPTIMIZATION_LEVEL = 0;
				GCC_PREPROCESSOR_DEFINITIONS = (
					"DEBUG=1",
					"$(inherited)",
				);
				GCC_WARN_64_TO_32_BIT_CONVERSION = YES;
				GCC_WARN_ABOUT_RETURN_TYPE = YES_ERROR;
				GCC_WARN_UNDECLARED_SELECTOR = YES;
				GCC_WARN_UNINITIALIZED_AUTOS = YES_AGGRESSIVE;
				GCC_WARN_UNUSED_FUNCTION = YES;
				GCC_WARN_UNUSED_VARIABLE = YES;
				IPHONEOS_DEPLOYMENT_TARGET = 17.0;
				LOCALIZATION_PREFERS_STRING_CATALOGS = YES;
				MTL_ENABLE_DEBUG_INFO = INCLUDE_SOURCE;
				MTL_FAST_MATH = YES;
				ONLY_ACTIVE_ARCH = YES;
				SDKROOT = iphoneos;
				SWIFT_ACTIVE_COMPILATION_CONDITIONS = "DEBUG $(inherited)";
				SWIFT_OPTIMIZATION_LEVEL = "-Onone";
			};
			name = Debug;
		};
		AF4DBFDB2A38B43A0036FE34 /* Release */ = {
			isa = XCBuildConfiguration;
			buildSettings = {
				ALWAYS_SEARCH_USER_PATHS = NO;
				ASSETCATALOG_COMPILER_GENERATE_SWIFT_ASSET_SYMBOL_EXTENSIONS = YES;
				CLANG_ANALYZER_NONNULL = YES;
				CLANG_ANALYZER_NUMBER_OBJECT_CONVERSION = YES_AGGRESSIVE;
				CLANG_CXX_LANGUAGE_STANDARD = "gnu++20";
				CLANG_ENABLE_MODULES = YES;
				CLANG_ENABLE_OBJC_ARC = YES;
				CLANG_ENABLE_OBJC_WEAK = YES;
				CLANG_WARN_BLOCK_CAPTURE_AUTORELEASING = YES;
				CLANG_WARN_BOOL_CONVERSION = YES;
				CLANG_WARN_COMMA = YES;
				CLANG_WARN_CONSTANT_CONVERSION = YES;
				CLANG_WARN_DEPRECATED_OBJC_IMPLEMENTATIONS = YES;
				CLANG_WARN_DIRECT_OBJC_ISA_USAGE = YES_ERROR;
				CLANG_WARN_DOCUMENTATION_COMMENTS = YES;
				CLANG_WARN_EMPTY_BODY = YES;
				CLANG_WARN_ENUM_CONVERSION = YES;
				CLANG_WARN_INFINITE_RECURSION = YES;
				CLANG_WARN_INT_CONVERSION = YES;
				CLANG_WARN_NON_LITERAL_NULL_CONVERSION = YES;
				CLANG_WARN_OBJC_IMPLICIT_RETAIN_SELF = YES;
				CLANG_WARN_OBJC_LITERAL_CONVERSION = YES;
				CLANG_WARN_OBJC_ROOT_CLASS = YES_ERROR;
				CLANG_WARN_QUOTED_INCLUDE_IN_FRAMEWORK_HEADER = YES;
				CLANG_WARN_RANGE_LOOP_ANALYSIS = YES;
				CLANG_WARN_STRICT_PROTOTYPES = YES;
				CLANG_WARN_SUSPICIOUS_MOVE = YES;
				CLANG_WARN_UNGUARDED_AVAILABILITY = YES_AGGRESSIVE;
				CLANG_WARN_UNREACHABLE_CODE = YES;
				CLANG_WARN__DUPLICATE_METHOD_MATCH = YES;
				COPY_PHASE_STRIP = NO;
				DEBUG_INFORMATION_FORMAT = "dwarf-with-dsym";
				ENABLE_NS_ASSERTIONS = NO;
				ENABLE_STRICT_OBJC_MSGSEND = YES;
				ENABLE_USER_SCRIPT_SANDBOXING = YES;
				GCC_C_LANGUAGE_STANDARD = gnu17;
				GCC_NO_COMMON_BLOCKS = YES;
				GCC_WARN_64_TO_32_BIT_CONVERSION = YES;
				GCC_WARN_ABOUT_RETURN_TYPE = YES_ERROR;
				GCC_WARN_UNDECLARED_SELECTOR = YES;
				GCC_WARN_UNINITIALIZED_AUTOS = YES_AGGRESSIVE;
				GCC_WARN_UNUSED_FUNCTION = YES;
				GCC_WARN_UNUSED_VARIABLE = YES;
				IPHONEOS_DEPLOYMENT_TARGET = 17.0;
				LOCALIZATION_PREFERS_STRING_CATALOGS = YES;
				MTL_ENABLE_DEBUG_INFO = NO;
				MTL_FAST_MATH = YES;
				SDKROOT = iphoneos;
				SWIFT_COMPILATION_MODE = wholemodule;
				VALIDATE_PRODUCT = YES;
			};
			name = Release;
		};
		AF4DBFDD2A38B43A0036FE34 /* Debug */ = {
			isa = XCBuildConfiguration;
			buildSettings = {
				ASSETCATALOG_COMPILER_APPICON_NAME = AppIcon;
				ASSETCATALOG_COMPILER_GLOBAL_ACCENT_COLOR_NAME = AccentColor;
				CODE_SIGN_STYLE = Automatic;
				CURRENT_PROJECT_VERSION = 1;
				GENERATE_INFOPLIST_FILE = YES;
				INFOPLIST_FILE = DiceApp/Info.plist;
				INFOPLIST_KEY_UIApplicationSupportsIndirectInputEvents = YES;
				INFOPLIST_KEY_UILaunchStoryboardName = LaunchScreen;
				INFOPLIST_KEY_UIMainStoryboardFile = Main;
				INFOPLIST_KEY_UISupportedInterfaceOrientations_iPad = "UIInterfaceOrientationPortrait UIInterfaceOrientationPortraitUpsideDown UIInterfaceOrientationLandscapeLeft UIInterfaceOrientationLandscapeRight";
				INFOPLIST_KEY_UISupportedInterfaceOrientations_iPhone = "UIInterfaceOrientationPortrait UIInterfaceOrientationLandscapeLeft UIInterfaceOrientationLandscapeRight";
				IPHONEOS_DEPLOYMENT_TARGET = 14.0;
				LD_RUNPATH_SEARCH_PATHS = (
					"$(inherited)",
					"@executable_path/Frameworks",
				);
				MARKETING_VERSION = 1.0;
				PRODUCT_BUNDLE_IDENTIFIER = resedat.DiceApp;
				PRODUCT_NAME = "$(TARGET_NAME)";
				SUPPORTED_PLATFORMS = "iphoneos iphonesimulator";
				SUPPORTS_MACCATALYST = NO;
				SUPPORTS_MAC_DESIGNED_FOR_IPHONE_IPAD = NO;
				SWIFT_EMIT_LOC_STRINGS = YES;
				SWIFT_VERSION = 5.0;
				TARGETED_DEVICE_FAMILY = 1;
			};
			name = Debug;
		};
		AF4DBFDE2A38B43A0036FE34 /* Release */ = {
			isa = XCBuildConfiguration;
			buildSettings = {
				ASSETCATALOG_COMPILER_APPICON_NAME = AppIcon;
				ASSETCATALOG_COMPILER_GLOBAL_ACCENT_COLOR_NAME = AccentColor;
				CODE_SIGN_STYLE = Automatic;
				CURRENT_PROJECT_VERSION = 1;
				GENERATE_INFOPLIST_FILE = YES;
				INFOPLIST_FILE = DiceApp/Info.plist;
				INFOPLIST_KEY_UIApplicationSupportsIndirectInputEvents = YES;
				INFOPLIST_KEY_UILaunchStoryboardName = LaunchScreen;
				INFOPLIST_KEY_UIMainStoryboardFile = Main;
				INFOPLIST_KEY_UISupportedInterfaceOrientations_iPad = "UIInterfaceOrientationPortrait UIInterfaceOrientationPortraitUpsideDown UIInterfaceOrientationLandscapeLeft UIInterfaceOrientationLandscapeRight";
				INFOPLIST_KEY_UISupportedInterfaceOrientations_iPhone = "UIInterfaceOrientationPortrait UIInterfaceOrientationLandscapeLeft UIInterfaceOrientationLandscapeRight";
				IPHONEOS_DEPLOYMENT_TARGET = 14.0;
				LD_RUNPATH_SEARCH_PATHS = (
					"$(inherited)",
					"@executable_path/Frameworks",
				);
				MARKETING_VERSION = 1.0;
				PRODUCT_BUNDLE_IDENTIFIER = resedat.DiceApp;
				PRODUCT_NAME = "$(TARGET_NAME)";
				SUPPORTED_PLATFORMS = "iphoneos iphonesimulator";
				SUPPORTS_MACCATALYST = NO;
				SUPPORTS_MAC_DESIGNED_FOR_IPHONE_IPAD = NO;
				SWIFT_EMIT_LOC_STRINGS = YES;
				SWIFT_VERSION = 5.0;
				TARGETED_DEVICE_FAMILY = 1;
			};
			name = Release;
		};
		AF4DBFE02A38B43A0036FE34 /* Debug */ = {
			isa = XCBuildConfiguration;
			buildSettings = {
				ALWAYS_EMBED_SWIFT_STANDARD_LIBRARIES = YES;
				BUNDLE_LOADER = "$(TEST_HOST)";
				CODE_SIGN_STYLE = Automatic;
				CURRENT_PROJECT_VERSION = 1;
				GENERATE_INFOPLIST_FILE = YES;
				IPHONEOS_DEPLOYMENT_TARGET = 17.0;
				MARKETING_VERSION = 1.0;
				PRODUCT_BUNDLE_IDENTIFIER = resedat.DiceAppTests;
				PRODUCT_NAME = "$(TARGET_NAME)";
				SWIFT_EMIT_LOC_STRINGS = NO;
				SWIFT_VERSION = 5.0;
				TARGETED_DEVICE_FAMILY = "1,2";
				TEST_HOST = "$(BUILT_PRODUCTS_DIR)/DiceApp.app/$(BUNDLE_EXECUTABLE_FOLDER_PATH)/DiceApp";
			};
			name = Debug;
		};
		AF4DBFE12A38B43A0036FE34 /* Release */ = {
			isa = XCBuildConfiguration;
			buildSettings = {
				ALWAYS_EMBED_SWIFT_STANDARD_LIBRARIES = YES;
				BUNDLE_LOADER = "$(TEST_HOST)";
				CODE_SIGN_STYLE = Automatic;
				CURRENT_PROJECT_VERSION = 1;
				GENERATE_INFOPLIST_FILE = YES;
				IPHONEOS_DEPLOYMENT_TARGET = 17.0;
				MARKETING_VERSION = 1.0;
				PRODUCT_BUNDLE_IDENTIFIER = resedat.DiceAppTests;
				PRODUCT_NAME = "$(TARGET_NAME)";
				SWIFT_EMIT_LOC_STRINGS = NO;
				SWIFT_VERSION = 5.0;
				TARGETED_DEVICE_FAMILY = "1,2";
				TEST_HOST = "$(BUILT_PRODUCTS_DIR)/DiceApp.app/$(BUNDLE_EXECUTABLE_FOLDER_PATH)/DiceApp";
			};
			name = Release;
		};
		AF4DBFE32A38B43A0036FE34 /* Debug */ = {
			isa = XCBuildConfiguration;
			buildSettings = {
				ALWAYS_EMBED_SWIFT_STANDARD_LIBRARIES = YES;
				CODE_SIGN_STYLE = Automatic;
				CURRENT_PROJECT_VERSION = 1;
				GENERATE_INFOPLIST_FILE = YES;
				MARKETING_VERSION = 1.0;
				PRODUCT_BUNDLE_IDENTIFIER = resedat.DiceAppUITests;
				PRODUCT_NAME = "$(TARGET_NAME)";
				SWIFT_EMIT_LOC_STRINGS = NO;
				SWIFT_VERSION = 5.0;
				TARGETED_DEVICE_FAMILY = "1,2";
				TEST_TARGET_NAME = DiceApp;
			};
			name = Debug;
		};
		AF4DBFE42A38B43A0036FE34 /* Release */ = {
			isa = XCBuildConfiguration;
			buildSettings = {
				ALWAYS_EMBED_SWIFT_STANDARD_LIBRARIES = YES;
				CODE_SIGN_STYLE = Automatic;
				CURRENT_PROJECT_VERSION = 1;
				GENERATE_INFOPLIST_FILE = YES;
				MARKETING_VERSION = 1.0;
				PRODUCT_BUNDLE_IDENTIFIER = resedat.DiceAppUITests;
				PRODUCT_NAME = "$(TARGET_NAME)";
				SWIFT_EMIT_LOC_STRINGS = NO;
				SWIFT_VERSION = 5.0;
				TARGETED_DEVICE_FAMILY = "1,2";
				TEST_TARGET_NAME = DiceApp;
			};
			name = Release;
		};
/* End XCBuildConfiguration section */

/* Begin XCConfigurationList section */
		AF4DBFAD2A38B4390036FE34 /* Build configuration list for PBXProject "DiceApp" */ = {
			isa = XCConfigurationList;
			buildConfigurations = (
				AF4DBFDA2A38B43A0036FE34 /* Debug */,
				AF4DBFDB2A38B43A0036FE34 /* Release */,
			);
			defaultConfigurationIsVisible = 0;
			defaultConfigurationName = Release;
		};
		AF4DBFDC2A38B43A0036FE34 /* Build configuration list for PBXNativeTarget "DiceApp" */ = {
			isa = XCConfigurationList;
			buildConfigurations = (
				AF4DBFDD2A38B43A0036FE34 /* Debug */,
				AF4DBFDE2A38B43A0036FE34 /* Release */,
			);
			defaultConfigurationIsVisible = 0;
			defaultConfigurationName = Release;
		};
		AF4DBFDF2A38B43A0036FE34 /* Build configuration list for PBXNativeTarget "DiceAppTests" */ = {
			isa = XCConfigurationList;
			buildConfigurations = (
				AF4DBFE02A38B43A0036FE34 /* Debug */,
				AF4DBFE12A38B43A0036FE34 /* Release */,
			);
			defaultConfigurationIsVisible = 0;
			defaultConfigurationName = Release;
		};
		AF4DBFE22A38B43A0036FE34 /* Build configuration list for PBXNativeTarget "DiceAppUITests" */ = {
			isa = XCConfigurationList;
			buildConfigurations = (
				AF4DBFE32A38B43A0036FE34 /* Debug */,
				AF4DBFE42A38B43A0036FE34 /* Release */,
			);
			defaultConfigurationIsVisible = 0;
			defaultConfigurationName = Release;
		};
/* End XCConfigurationList section */
	};
	rootObject = AF4DBFAA2A38B4390036FE34 /* Project object */;
}
